// !$*UTF8*$!
{
	archiveVersion = 1;
	classes = {
	};
	objectVersion = 48;
	objects = {

/* Begin PBXBuildFile section */
		4E6D965F1F74B7E00016A82D /* MainView.m in Sources */ = {isa = PBXBuildFile; fileRef = 4E6D965E1F74B7E00016A82D /* MainView.m */; };
		4E6D96631F7A9DA50016A82D /* DemoListCellTableViewCell.m in Sources */ = {isa = PBXBuildFile; fileRef = 4E6D96621F7A9DA50016A82D /* DemoListCellTableViewCell.m */; };
		4E6D96671F7A9EEB0016A82D /* DemoListDataSource.m in Sources */ = {isa = PBXBuildFile; fileRef = 4E6D96661F7A9EEB0016A82D /* DemoListDataSource.m */; };
		E006ABC31F9B3298004E1430 /* GTMNSString+HTML.m in Sources */ = {isa = PBXBuildFile; fileRef = E006AB8E1F9B3298004E1430 /* GTMNSString+HTML.m */; };
		E006ABC41F9B3298004E1430 /* LSYViewPagerVC.m in Sources */ = {isa = PBXBuildFile; fileRef = E006AB901F9B3298004E1430 /* LSYViewPagerVC.m */; };
		E006ABC51F9B3298004E1430 /* NSString+HTML.m in Sources */ = {isa = PBXBuildFile; fileRef = E006AB921F9B3298004E1430 /* NSString+HTML.m */; settings = {COMPILER_FLAGS = "-fno-objc-arc"; }; };
		E006ABC61F9B3298004E1430 /* CXMLDocument_CreationExtensions.m in Sources */ = {isa = PBXBuildFile; fileRef = E006AB971F9B3298004E1430 /* CXMLDocument_CreationExtensions.m */; };
		E006ABC71F9B3298004E1430 /* CXMLNode_CreationExtensions.m in Sources */ = {isa = PBXBuildFile; fileRef = E006AB991F9B3298004E1430 /* CXMLNode_CreationExtensions.m */; };
		E006ABC81F9B3298004E1430 /* CXHTMLDocument.m in Sources */ = {isa = PBXBuildFile; fileRef = E006AB9B1F9B3298004E1430 /* CXHTMLDocument.m */; };
		E006ABC91F9B3298004E1430 /* CXMLDocument.m in Sources */ = {isa = PBXBuildFile; fileRef = E006AB9D1F9B3298004E1430 /* CXMLDocument.m */; };
		E006ABCA1F9B3298004E1430 /* CXMLDocument_PrivateExtensions.m in Sources */ = {isa = PBXBuildFile; fileRef = E006AB9F1F9B3298004E1430 /* CXMLDocument_PrivateExtensions.m */; };
		E006ABCB1F9B3298004E1430 /* CXMLElement.m in Sources */ = {isa = PBXBuildFile; fileRef = E006ABA11F9B3298004E1430 /* CXMLElement.m */; };
		E006ABCC1F9B3298004E1430 /* CXMLElement_CreationExtensions.m in Sources */ = {isa = PBXBuildFile; fileRef = E006ABA31F9B3298004E1430 /* CXMLElement_CreationExtensions.m */; };
		E006ABCD1F9B3298004E1430 /* CXMLElement_ElementTreeExtensions.m in Sources */ = {isa = PBXBuildFile; fileRef = E006ABA51F9B3298004E1430 /* CXMLElement_ElementTreeExtensions.m */; };
		E006ABCE1F9B3298004E1430 /* CXMLNamespaceNode.m in Sources */ = {isa = PBXBuildFile; fileRef = E006ABA71F9B3298004E1430 /* CXMLNamespaceNode.m */; };
		E006ABCF1F9B3298004E1430 /* CXMLNode.m in Sources */ = {isa = PBXBuildFile; fileRef = E006ABA91F9B3298004E1430 /* CXMLNode.m */; };
		E006ABD01F9B3298004E1430 /* CXMLNode_PrivateExtensions.m in Sources */ = {isa = PBXBuildFile; fileRef = E006ABAB1F9B3298004E1430 /* CXMLNode_PrivateExtensions.m */; };
		E006ABD11F9B3298004E1430 /* CXMLNode_XPathExtensions.m in Sources */ = {isa = PBXBuildFile; fileRef = E006ABAD1F9B3298004E1430 /* CXMLNode_XPathExtensions.m */; };
		E006ABD21F9B3298004E1430 /* CXMLUnsupportedNode.m in Sources */ = {isa = PBXBuildFile; fileRef = E006ABAF1F9B3298004E1430 /* CXMLUnsupportedNode.m */; };
		E006ABD31F9B3298004E1430 /* CTidy.m in Sources */ = {isa = PBXBuildFile; fileRef = E006ABB21F9B3298004E1430 /* CTidy.m */; };
		E006ABD41F9B3298004E1430 /* UIImage+ImageEffects.m in Sources */ = {isa = PBXBuildFile; fileRef = E006ABB51F9B3298004E1430 /* UIImage+ImageEffects.m */; };
		E006ABD51F9B3298004E1430 /* ioapi.c in Sources */ = {isa = PBXBuildFile; fileRef = E006ABB91F9B3298004E1430 /* ioapi.c */; };
		E006ABD61F9B3298004E1430 /* mztools.c in Sources */ = {isa = PBXBuildFile; fileRef = E006ABBB1F9B3298004E1430 /* mztools.c */; };
		E006ABD71F9B3298004E1430 /* unzip.c in Sources */ = {isa = PBXBuildFile; fileRef = E006ABBD1F9B3298004E1430 /* unzip.c */; };
		E006ABD81F9B3298004E1430 /* zip.c in Sources */ = {isa = PBXBuildFile; fileRef = E006ABBF1F9B3298004E1430 /* zip.c */; };
		E006ABD91F9B3298004E1430 /* ZipArchive.mm in Sources */ = {isa = PBXBuildFile; fileRef = E006ABC21F9B3298004E1430 /* ZipArchive.mm */; settings = {COMPILER_FLAGS = "-fno-objc-arc"; }; };
		E006ABDC1F9B33D3004E1430 /* libxml2.tbd in Frameworks */ = {isa = PBXBuildFile; fileRef = E006ABDB1F9B33D3004E1430 /* libxml2.tbd */; };
		E006ABE21F9B49A2004E1430 /* BookListViewController.m in Sources */ = {isa = PBXBuildFile; fileRef = E006ABE11F9B49A2004E1430 /* BookListViewController.m */; };
		E006ABE51F9B49E0004E1430 /* BookListTableViewCell.m in Sources */ = {isa = PBXBuildFile; fileRef = E006ABE41F9B49E0004E1430 /* BookListTableViewCell.m */; };
		E006ABEF1F9D8C7F004E1430 /* TextEdgeInsetsLabel.m in Sources */ = {isa = PBXBuildFile; fileRef = E006ABEE1F9D8C7F004E1430 /* TextEdgeInsetsLabel.m */; };
		E006ABF21F9F10B1004E1430 /* 细说明朝.epub in Resources */ = {isa = PBXBuildFile; fileRef = E006ABF11F9F10B1004E1430 /* 细说明朝.epub */; };
		E06103861FA06323009F648A /* BookModel.m in Sources */ = {isa = PBXBuildFile; fileRef = E06103851FA06323009F648A /* BookModel.m */; };
		E06103911FA063CC009F648A /* LSYChapterModel.mm in Sources */ = {isa = PBXBuildFile; fileRef = E06103881FA063CB009F648A /* LSYChapterModel.mm */; };
		E06103921FA063CC009F648A /* LSYReadModel.m in Sources */ = {isa = PBXBuildFile; fileRef = E06103891FA063CB009F648A /* LSYReadModel.m */; };
		E06103931FA063CC009F648A /* LSYNoteModel.m in Sources */ = {isa = PBXBuildFile; fileRef = E061038A1FA063CB009F648A /* LSYNoteModel.m */; };
		E06103941FA063CC009F648A /* LSYRecordModel.m in Sources */ = {isa = PBXBuildFile; fileRef = E061038E1FA063CB009F648A /* LSYRecordModel.m */; };
		E06103951FA063CC009F648A /* LSYMarkModel.m in Sources */ = {isa = PBXBuildFile; fileRef = E06103901FA063CC009F648A /* LSYMarkModel.m */; };
		E061039D1FA0658F009F648A /* LSYReadConfig.m in Sources */ = {isa = PBXBuildFile; fileRef = E06103981FA0658F009F648A /* LSYReadConfig.m */; };
		E061039E1FA0658F009F648A /* LSYReadParser.m in Sources */ = {isa = PBXBuildFile; fileRef = E061039A1FA0658F009F648A /* LSYReadParser.m */; };
		E061039F1FA0658F009F648A /* LSYReadUtilites.m in Sources */ = {isa = PBXBuildFile; fileRef = E061039C1FA0658F009F648A /* LSYReadUtilites.m */; };
		E06103A91FA065A6009F648A /* bt_tjcp_no@2x.png in Resources */ = {isa = PBXBuildFile; fileRef = E06103A01FA065A5009F648A /* bt_tjcp_no@2x.png */; };
		E06103AA1FA065A6009F648A /* LSYMenuView.m in Sources */ = {isa = PBXBuildFile; fileRef = E06103A21FA065A5009F648A /* LSYMenuView.m */; };
		E06103AB1FA065A6009F648A /* LSYMagnifierView.m in Sources */ = {isa = PBXBuildFile; fileRef = E06103A31FA065A5009F648A /* LSYMagnifierView.m */; };
		E06103AC1FA065A6009F648A /* LSYTopMenuView.m in Sources */ = {isa = PBXBuildFile; fileRef = E06103A61FA065A5009F648A /* LSYTopMenuView.m */; };
		E06103AD1FA065A6009F648A /* LSYBottomMenuView.m in Sources */ = {isa = PBXBuildFile; fileRef = E06103A81FA065A6009F648A /* LSYBottomMenuView.m */; };
		E06103B51FA0670F009F648A /* LSYChapterVC.m in Sources */ = {isa = PBXBuildFile; fileRef = E06103B01FA0670F009F648A /* LSYChapterVC.m */; };
		E06103B61FA0670F009F648A /* LSYMarkVC.m in Sources */ = {isa = PBXBuildFile; fileRef = E06103B21FA0670F009F648A /* LSYMarkVC.m */; };
		E06103B71FA0670F009F648A /* LSYNoteVC.m in Sources */ = {isa = PBXBuildFile; fileRef = E06103B41FA0670F009F648A /* LSYNoteVC.m */; };
		E0D9903F1F7203A3003437D8 /* AppDelegate.m in Sources */ = {isa = PBXBuildFile; fileRef = E0D9903E1F7203A3003437D8 /* AppDelegate.m */; };
		E0D990421F7203A3003437D8 /* ViewController.m in Sources */ = {isa = PBXBuildFile; fileRef = E0D990411F7203A3003437D8 /* ViewController.m */; };
		E0D990451F7203A3003437D8 /* Main.storyboard in Resources */ = {isa = PBXBuildFile; fileRef = E0D990431F7203A3003437D8 /* Main.storyboard */; };
		E0D990471F7203A3003437D8 /* Assets.xcassets in Resources */ = {isa = PBXBuildFile; fileRef = E0D990461F7203A3003437D8 /* Assets.xcassets */; };
		E0D9904A1F7203A3003437D8 /* LaunchScreen.storyboard in Resources */ = {isa = PBXBuildFile; fileRef = E0D990481F7203A3003437D8 /* LaunchScreen.storyboard */; };
		E0D9904D1F7203A3003437D8 /* main.m in Sources */ = {isa = PBXBuildFile; fileRef = E0D9904C1F7203A3003437D8 /* main.m */; };
		E0D990571F7203A3003437D8 /* Hello_WorldTests.m in Sources */ = {isa = PBXBuildFile; fileRef = E0D990561F7203A3003437D8 /* Hello_WorldTests.m */; };
		E0D990621F7203A3003437D8 /* Hello_WorldUITests.m in Sources */ = {isa = PBXBuildFile; fileRef = E0D990611F7203A3003437D8 /* Hello_WorldUITests.m */; };
/* End PBXBuildFile section */

/* Begin PBXContainerItemProxy section */
		E0D990531F7203A3003437D8 /* PBXContainerItemProxy */ = {
			isa = PBXContainerItemProxy;
			containerPortal = E0D990321F7203A3003437D8 /* Project object */;
			proxyType = 1;
			remoteGlobalIDString = E0D990391F7203A3003437D8;
			remoteInfo = "Hello World";
		};
		E0D9905E1F7203A3003437D8 /* PBXContainerItemProxy */ = {
			isa = PBXContainerItemProxy;
			containerPortal = E0D990321F7203A3003437D8 /* Project object */;
			proxyType = 1;
			remoteGlobalIDString = E0D990391F7203A3003437D8;
			remoteInfo = "Hello World";
		};
/* End PBXContainerItemProxy section */

/* Begin PBXFileReference section */
		4E6D965D1F74B7E00016A82D /* MainView.h */ = {isa = PBXFileReference; lastKnownFileType = sourcecode.c.h; path = MainView.h; sourceTree = "<group>"; };
		4E6D965E1F74B7E00016A82D /* MainView.m */ = {isa = PBXFileReference; lastKnownFileType = sourcecode.c.objc; path = MainView.m; sourceTree = "<group>"; };
		4E6D96611F7A9DA50016A82D /* DemoListCellTableViewCell.h */ = {isa = PBXFileReference; lastKnownFileType = sourcecode.c.h; path = DemoListCellTableViewCell.h; sourceTree = "<group>"; };
		4E6D96621F7A9DA50016A82D /* DemoListCellTableViewCell.m */ = {isa = PBXFileReference; lastKnownFileType = sourcecode.c.objc; path = DemoListCellTableViewCell.m; sourceTree = "<group>"; };
		4E6D96651F7A9EEB0016A82D /* DemoListDataSource.h */ = {isa = PBXFileReference; lastKnownFileType = sourcecode.c.h; path = DemoListDataSource.h; sourceTree = "<group>"; };
		4E6D96661F7A9EEB0016A82D /* DemoListDataSource.m */ = {isa = PBXFileReference; lastKnownFileType = sourcecode.c.objc; path = DemoListDataSource.m; sourceTree = "<group>"; };
		E006AB8C1F9B3298004E1430 /* GTMDefines.h */ = {isa = PBXFileReference; fileEncoding = 4; lastKnownFileType = sourcecode.c.h; path = GTMDefines.h; sourceTree = "<group>"; };
		E006AB8D1F9B3298004E1430 /* GTMNSString+HTML.h */ = {isa = PBXFileReference; fileEncoding = 4; lastKnownFileType = sourcecode.c.h; path = "GTMNSString+HTML.h"; sourceTree = "<group>"; };
		E006AB8E1F9B3298004E1430 /* GTMNSString+HTML.m */ = {isa = PBXFileReference; fileEncoding = 4; lastKnownFileType = sourcecode.c.objc; path = "GTMNSString+HTML.m"; sourceTree = "<group>"; };
		E006AB8F1F9B3298004E1430 /* LSYViewPagerVC.h */ = {isa = PBXFileReference; fileEncoding = 4; lastKnownFileType = sourcecode.c.h; path = LSYViewPagerVC.h; sourceTree = "<group>"; };
		E006AB901F9B3298004E1430 /* LSYViewPagerVC.m */ = {isa = PBXFileReference; fileEncoding = 4; lastKnownFileType = sourcecode.c.objc; path = LSYViewPagerVC.m; sourceTree = "<group>"; };
		E006AB911F9B3298004E1430 /* NSString+HTML.h */ = {isa = PBXFileReference; fileEncoding = 4; lastKnownFileType = sourcecode.c.h; path = "NSString+HTML.h"; sourceTree = "<group>"; };
		E006AB921F9B3298004E1430 /* NSString+HTML.m */ = {isa = PBXFileReference; fileEncoding = 4; lastKnownFileType = sourcecode.c.objc; path = "NSString+HTML.m"; sourceTree = "<group>"; };
		E006AB961F9B3298004E1430 /* CXMLDocument_CreationExtensions.h */ = {isa = PBXFileReference; fileEncoding = 4; lastKnownFileType = sourcecode.c.h; path = CXMLDocument_CreationExtensions.h; sourceTree = "<group>"; };
		E006AB971F9B3298004E1430 /* CXMLDocument_CreationExtensions.m */ = {isa = PBXFileReference; fileEncoding = 4; lastKnownFileType = sourcecode.c.objc; path = CXMLDocument_CreationExtensions.m; sourceTree = "<group>"; };
		E006AB981F9B3298004E1430 /* CXMLNode_CreationExtensions.h */ = {isa = PBXFileReference; fileEncoding = 4; lastKnownFileType = sourcecode.c.h; path = CXMLNode_CreationExtensions.h; sourceTree = "<group>"; };
		E006AB991F9B3298004E1430 /* CXMLNode_CreationExtensions.m */ = {isa = PBXFileReference; fileEncoding = 4; lastKnownFileType = sourcecode.c.objc; path = CXMLNode_CreationExtensions.m; sourceTree = "<group>"; };
		E006AB9A1F9B3298004E1430 /* CXHTMLDocument.h */ = {isa = PBXFileReference; fileEncoding = 4; lastKnownFileType = sourcecode.c.h; path = CXHTMLDocument.h; sourceTree = "<group>"; };
		E006AB9B1F9B3298004E1430 /* CXHTMLDocument.m */ = {isa = PBXFileReference; fileEncoding = 4; lastKnownFileType = sourcecode.c.objc; path = CXHTMLDocument.m; sourceTree = "<group>"; };
		E006AB9C1F9B3298004E1430 /* CXMLDocument.h */ = {isa = PBXFileReference; fileEncoding = 4; lastKnownFileType = sourcecode.c.h; path = CXMLDocument.h; sourceTree = "<group>"; };
		E006AB9D1F9B3298004E1430 /* CXMLDocument.m */ = {isa = PBXFileReference; fileEncoding = 4; lastKnownFileType = sourcecode.c.objc; path = CXMLDocument.m; sourceTree = "<group>"; };
		E006AB9E1F9B3298004E1430 /* CXMLDocument_PrivateExtensions.h */ = {isa = PBXFileReference; fileEncoding = 4; lastKnownFileType = sourcecode.c.h; path = CXMLDocument_PrivateExtensions.h; sourceTree = "<group>"; };
		E006AB9F1F9B3298004E1430 /* CXMLDocument_PrivateExtensions.m */ = {isa = PBXFileReference; fileEncoding = 4; lastKnownFileType = sourcecode.c.objc; path = CXMLDocument_PrivateExtensions.m; sourceTree = "<group>"; };
		E006ABA01F9B3298004E1430 /* CXMLElement.h */ = {isa = PBXFileReference; fileEncoding = 4; lastKnownFileType = sourcecode.c.h; path = CXMLElement.h; sourceTree = "<group>"; };
		E006ABA11F9B3298004E1430 /* CXMLElement.m */ = {isa = PBXFileReference; fileEncoding = 4; lastKnownFileType = sourcecode.c.objc; path = CXMLElement.m; sourceTree = "<group>"; };
		E006ABA21F9B3298004E1430 /* CXMLElement_CreationExtensions.h */ = {isa = PBXFileReference; fileEncoding = 4; lastKnownFileType = sourcecode.c.h; path = CXMLElement_CreationExtensions.h; sourceTree = "<group>"; };
		E006ABA31F9B3298004E1430 /* CXMLElement_CreationExtensions.m */ = {isa = PBXFileReference; fileEncoding = 4; lastKnownFileType = sourcecode.c.objc; path = CXMLElement_CreationExtensions.m; sourceTree = "<group>"; };
		E006ABA41F9B3298004E1430 /* CXMLElement_ElementTreeExtensions.h */ = {isa = PBXFileReference; fileEncoding = 4; lastKnownFileType = sourcecode.c.h; path = CXMLElement_ElementTreeExtensions.h; sourceTree = "<group>"; };
		E006ABA51F9B3298004E1430 /* CXMLElement_ElementTreeExtensions.m */ = {isa = PBXFileReference; fileEncoding = 4; lastKnownFileType = sourcecode.c.objc; path = CXMLElement_ElementTreeExtensions.m; sourceTree = "<group>"; };
		E006ABA61F9B3298004E1430 /* CXMLNamespaceNode.h */ = {isa = PBXFileReference; fileEncoding = 4; lastKnownFileType = sourcecode.c.h; path = CXMLNamespaceNode.h; sourceTree = "<group>"; };
		E006ABA71F9B3298004E1430 /* CXMLNamespaceNode.m */ = {isa = PBXFileReference; fileEncoding = 4; lastKnownFileType = sourcecode.c.objc; path = CXMLNamespaceNode.m; sourceTree = "<group>"; };
		E006ABA81F9B3298004E1430 /* CXMLNode.h */ = {isa = PBXFileReference; fileEncoding = 4; lastKnownFileType = sourcecode.c.h; path = CXMLNode.h; sourceTree = "<group>"; };
		E006ABA91F9B3298004E1430 /* CXMLNode.m */ = {isa = PBXFileReference; fileEncoding = 4; lastKnownFileType = sourcecode.c.objc; path = CXMLNode.m; sourceTree = "<group>"; };
		E006ABAA1F9B3298004E1430 /* CXMLNode_PrivateExtensions.h */ = {isa = PBXFileReference; fileEncoding = 4; lastKnownFileType = sourcecode.c.h; path = CXMLNode_PrivateExtensions.h; sourceTree = "<group>"; };
		E006ABAB1F9B3298004E1430 /* CXMLNode_PrivateExtensions.m */ = {isa = PBXFileReference; fileEncoding = 4; lastKnownFileType = sourcecode.c.objc; path = CXMLNode_PrivateExtensions.m; sourceTree = "<group>"; };
		E006ABAC1F9B3298004E1430 /* CXMLNode_XPathExtensions.h */ = {isa = PBXFileReference; fileEncoding = 4; lastKnownFileType = sourcecode.c.h; path = CXMLNode_XPathExtensions.h; sourceTree = "<group>"; };
		E006ABAD1F9B3298004E1430 /* CXMLNode_XPathExtensions.m */ = {isa = PBXFileReference; fileEncoding = 4; lastKnownFileType = sourcecode.c.objc; path = CXMLNode_XPathExtensions.m; sourceTree = "<group>"; };
		E006ABAE1F9B3298004E1430 /* CXMLUnsupportedNode.h */ = {isa = PBXFileReference; fileEncoding = 4; lastKnownFileType = sourcecode.c.h; path = CXMLUnsupportedNode.h; sourceTree = "<group>"; };
		E006ABAF1F9B3298004E1430 /* CXMLUnsupportedNode.m */ = {isa = PBXFileReference; fileEncoding = 4; lastKnownFileType = sourcecode.c.objc; path = CXMLUnsupportedNode.m; sourceTree = "<group>"; };
		E006ABB11F9B3298004E1430 /* CTidy.h */ = {isa = PBXFileReference; fileEncoding = 4; lastKnownFileType = sourcecode.c.h; path = CTidy.h; sourceTree = "<group>"; };
		E006ABB21F9B3298004E1430 /* CTidy.m */ = {isa = PBXFileReference; fileEncoding = 4; lastKnownFileType = sourcecode.c.objc; path = CTidy.m; sourceTree = "<group>"; };
		E006ABB31F9B3298004E1430 /* TouchXML.h */ = {isa = PBXFileReference; fileEncoding = 4; lastKnownFileType = sourcecode.c.h; path = TouchXML.h; sourceTree = "<group>"; };
		E006ABB41F9B3298004E1430 /* UIImage+ImageEffects.h */ = {isa = PBXFileReference; fileEncoding = 4; lastKnownFileType = sourcecode.c.h; path = "UIImage+ImageEffects.h"; sourceTree = "<group>"; };
		E006ABB51F9B3298004E1430 /* UIImage+ImageEffects.m */ = {isa = PBXFileReference; fileEncoding = 4; lastKnownFileType = sourcecode.c.objc; path = "UIImage+ImageEffects.m"; sourceTree = "<group>"; };
		E006ABB81F9B3298004E1430 /* crypt.h */ = {isa = PBXFileReference; fileEncoding = 4; lastKnownFileType = sourcecode.c.h; path = crypt.h; sourceTree = "<group>"; };
		E006ABB91F9B3298004E1430 /* ioapi.c */ = {isa = PBXFileReference; fileEncoding = 4; lastKnownFileType = sourcecode.c.c; path = ioapi.c; sourceTree = "<group>"; };
		E006ABBA1F9B3298004E1430 /* ioapi.h */ = {isa = PBXFileReference; fileEncoding = 4; lastKnownFileType = sourcecode.c.h; path = ioapi.h; sourceTree = "<group>"; };
		E006ABBB1F9B3298004E1430 /* mztools.c */ = {isa = PBXFileReference; fileEncoding = 4; lastKnownFileType = sourcecode.c.c; path = mztools.c; sourceTree = "<group>"; };
		E006ABBC1F9B3298004E1430 /* mztools.h */ = {isa = PBXFileReference; fileEncoding = 4; lastKnownFileType = sourcecode.c.h; path = mztools.h; sourceTree = "<group>"; };
		E006ABBD1F9B3298004E1430 /* unzip.c */ = {isa = PBXFileReference; fileEncoding = 4; lastKnownFileType = sourcecode.c.c; path = unzip.c; sourceTree = "<group>"; };
		E006ABBE1F9B3298004E1430 /* unzip.h */ = {isa = PBXFileReference; fileEncoding = 4; lastKnownFileType = sourcecode.c.h; path = unzip.h; sourceTree = "<group>"; };
		E006ABBF1F9B3298004E1430 /* zip.c */ = {isa = PBXFileReference; fileEncoding = 4; lastKnownFileType = sourcecode.c.c; path = zip.c; sourceTree = "<group>"; };
		E006ABC01F9B3298004E1430 /* zip.h */ = {isa = PBXFileReference; fileEncoding = 4; lastKnownFileType = sourcecode.c.h; path = zip.h; sourceTree = "<group>"; };
		E006ABC11F9B3298004E1430 /* ZipArchive.h */ = {isa = PBXFileReference; fileEncoding = 4; lastKnownFileType = sourcecode.c.h; path = ZipArchive.h; sourceTree = "<group>"; };
		E006ABC21F9B3298004E1430 /* ZipArchive.mm */ = {isa = PBXFileReference; fileEncoding = 4; lastKnownFileType = sourcecode.cpp.objcpp; path = ZipArchive.mm; sourceTree = "<group>"; };
		E006ABDB1F9B33D3004E1430 /* libxml2.tbd */ = {isa = PBXFileReference; lastKnownFileType = "sourcecode.text-based-dylib-definition"; name = libxml2.tbd; path = usr/lib/libxml2.tbd; sourceTree = SDKROOT; };
		E006ABE01F9B49A2004E1430 /* BookListViewController.h */ = {isa = PBXFileReference; lastKnownFileType = sourcecode.c.h; path = BookListViewController.h; sourceTree = "<group>"; };
		E006ABE11F9B49A2004E1430 /* BookListViewController.m */ = {isa = PBXFileReference; lastKnownFileType = sourcecode.c.objc; path = BookListViewController.m; sourceTree = "<group>"; };
		E006ABE31F9B49E0004E1430 /* BookListTableViewCell.h */ = {isa = PBXFileReference; lastKnownFileType = sourcecode.c.h; path = BookListTableViewCell.h; sourceTree = "<group>"; };
		E006ABE41F9B49E0004E1430 /* BookListTableViewCell.m */ = {isa = PBXFileReference; lastKnownFileType = sourcecode.c.objc; path = BookListTableViewCell.m; sourceTree = "<group>"; };
		E006ABED1F9D8C7F004E1430 /* TextEdgeInsetsLabel.h */ = {isa = PBXFileReference; lastKnownFileType = sourcecode.c.h; path = TextEdgeInsetsLabel.h; sourceTree = "<group>"; };
		E006ABEE1F9D8C7F004E1430 /* TextEdgeInsetsLabel.m */ = {isa = PBXFileReference; lastKnownFileType = sourcecode.c.objc; path = TextEdgeInsetsLabel.m; sourceTree = "<group>"; };
		E006ABF11F9F10B1004E1430 /* 细说明朝.epub */ = {isa = PBXFileReference; lastKnownFileType = file; path = "细说明朝.epub"; sourceTree = "<group>"; };
		E06103841FA06323009F648A /* BookModel.h */ = {isa = PBXFileReference; fileEncoding = 4; lastKnownFileType = sourcecode.c.h; path = BookModel.h; sourceTree = "<group>"; };
		E06103851FA06323009F648A /* BookModel.m */ = {isa = PBXFileReference; fileEncoding = 4; lastKnownFileType = sourcecode.c.objc; path = BookModel.m; sourceTree = "<group>"; };
		E06103871FA063CB009F648A /* LSYNoteModel.h */ = {isa = PBXFileReference; fileEncoding = 4; lastKnownFileType = sourcecode.c.h; path = LSYNoteModel.h; sourceTree = "<group>"; };
		E06103881FA063CB009F648A /* LSYChapterModel.mm */ = {isa = PBXFileReference; fileEncoding = 4; lastKnownFileType = sourcecode.cpp.objcpp; path = LSYChapterModel.mm; sourceTree = "<group>"; };
		E06103891FA063CB009F648A /* LSYReadModel.m */ = {isa = PBXFileReference; fileEncoding = 4; lastKnownFileType = sourcecode.c.objc; path = LSYReadModel.m; sourceTree = "<group>"; };
		E061038A1FA063CB009F648A /* LSYNoteModel.m */ = {isa = PBXFileReference; fileEncoding = 4; lastKnownFileType = sourcecode.c.objc; path = LSYNoteModel.m; sourceTree = "<group>"; };
		E061038B1FA063CB009F648A /* LSYRecordModel.h */ = {isa = PBXFileReference; fileEncoding = 4; lastKnownFileType = sourcecode.c.h; path = LSYRecordModel.h; sourceTree = "<group>"; };
		E061038C1FA063CB009F648A /* LSYMarkModel.h */ = {isa = PBXFileReference; fileEncoding = 4; lastKnownFileType = sourcecode.c.h; path = LSYMarkModel.h; sourceTree = "<group>"; };
		E061038D1FA063CB009F648A /* LSYReadModel.h */ = {isa = PBXFileReference; fileEncoding = 4; lastKnownFileType = sourcecode.c.h; path = LSYReadModel.h; sourceTree = "<group>"; };
		E061038E1FA063CB009F648A /* LSYRecordModel.m */ = {isa = PBXFileReference; fileEncoding = 4; lastKnownFileType = sourcecode.c.objc; path = LSYRecordModel.m; sourceTree = "<group>"; };
		E061038F1FA063CB009F648A /* LSYChapterModel.h */ = {isa = PBXFileReference; fileEncoding = 4; lastKnownFileType = sourcecode.c.h; path = LSYChapterModel.h; sourceTree = "<group>"; };
		E06103901FA063CC009F648A /* LSYMarkModel.m */ = {isa = PBXFileReference; fileEncoding = 4; lastKnownFileType = sourcecode.c.objc; path = LSYMarkModel.m; sourceTree = "<group>"; };
		E06103971FA0658F009F648A /* LSYReadConfig.h */ = {isa = PBXFileReference; fileEncoding = 4; lastKnownFileType = sourcecode.c.h; path = LSYReadConfig.h; sourceTree = "<group>"; };
		E06103981FA0658F009F648A /* LSYReadConfig.m */ = {isa = PBXFileReference; fileEncoding = 4; lastKnownFileType = sourcecode.c.objc; path = LSYReadConfig.m; sourceTree = "<group>"; };
		E06103991FA0658F009F648A /* LSYReadParser.h */ = {isa = PBXFileReference; fileEncoding = 4; lastKnownFileType = sourcecode.c.h; path = LSYReadParser.h; sourceTree = "<group>"; };
		E061039A1FA0658F009F648A /* LSYReadParser.m */ = {isa = PBXFileReference; fileEncoding = 4; lastKnownFileType = sourcecode.c.objc; path = LSYReadParser.m; sourceTree = "<group>"; };
		E061039B1FA0658F009F648A /* LSYReadUtilites.h */ = {isa = PBXFileReference; fileEncoding = 4; lastKnownFileType = sourcecode.c.h; path = LSYReadUtilites.h; sourceTree = "<group>"; };
		E061039C1FA0658F009F648A /* LSYReadUtilites.m */ = {isa = PBXFileReference; fileEncoding = 4; lastKnownFileType = sourcecode.c.objc; path = LSYReadUtilites.m; sourceTree = "<group>"; };
		E06103A01FA065A5009F648A /* bt_tjcp_no@2x.png */ = {isa = PBXFileReference; lastKnownFileType = image.png; path = "bt_tjcp_no@2x.png"; sourceTree = "<group>"; };
		E06103A11FA065A5009F648A /* LSYMenuView.h */ = {isa = PBXFileReference; fileEncoding = 4; lastKnownFileType = sourcecode.c.h; path = LSYMenuView.h; sourceTree = "<group>"; };
		E06103A21FA065A5009F648A /* LSYMenuView.m */ = {isa = PBXFileReference; fileEncoding = 4; lastKnownFileType = sourcecode.c.objc; path = LSYMenuView.m; sourceTree = "<group>"; };
		E06103A31FA065A5009F648A /* LSYMagnifierView.m */ = {isa = PBXFileReference; fileEncoding = 4; lastKnownFileType = sourcecode.c.objc; path = LSYMagnifierView.m; sourceTree = "<group>"; };
		E06103A41FA065A5009F648A /* LSYMagnifierView.h */ = {isa = PBXFileReference; fileEncoding = 4; lastKnownFileType = sourcecode.c.h; path = LSYMagnifierView.h; sourceTree = "<group>"; };
		E06103A51FA065A5009F648A /* LSYTopMenuView.h */ = {isa = PBXFileReference; fileEncoding = 4; lastKnownFileType = sourcecode.c.h; path = LSYTopMenuView.h; sourceTree = "<group>"; };
		E06103A61FA065A5009F648A /* LSYTopMenuView.m */ = {isa = PBXFileReference; fileEncoding = 4; lastKnownFileType = sourcecode.c.objc; path = LSYTopMenuView.m; sourceTree = "<group>"; };
		E06103A71FA065A6009F648A /* LSYBottomMenuView.h */ = {isa = PBXFileReference; fileEncoding = 4; lastKnownFileType = sourcecode.c.h; path = LSYBottomMenuView.h; sourceTree = "<group>"; };
		E06103A81FA065A6009F648A /* LSYBottomMenuView.m */ = {isa = PBXFileReference; fileEncoding = 4; lastKnownFileType = sourcecode.c.objc; path = LSYBottomMenuView.m; sourceTree = "<group>"; };
		E06103AF1FA0670F009F648A /* LSYChapterVC.h */ = {isa = PBXFileReference; fileEncoding = 4; lastKnownFileType = sourcecode.c.h; path = LSYChapterVC.h; sourceTree = "<group>"; };
		E06103B01FA0670F009F648A /* LSYChapterVC.m */ = {isa = PBXFileReference; fileEncoding = 4; lastKnownFileType = sourcecode.c.objc; path = LSYChapterVC.m; sourceTree = "<group>"; };
		E06103B11FA0670F009F648A /* LSYMarkVC.h */ = {isa = PBXFileReference; fileEncoding = 4; lastKnownFileType = sourcecode.c.h; path = LSYMarkVC.h; sourceTree = "<group>"; };
		E06103B21FA0670F009F648A /* LSYMarkVC.m */ = {isa = PBXFileReference; fileEncoding = 4; lastKnownFileType = sourcecode.c.objc; path = LSYMarkVC.m; sourceTree = "<group>"; };
		E06103B31FA0670F009F648A /* LSYNoteVC.h */ = {isa = PBXFileReference; fileEncoding = 4; lastKnownFileType = sourcecode.c.h; path = LSYNoteVC.h; sourceTree = "<group>"; };
		E06103B41FA0670F009F648A /* LSYNoteVC.m */ = {isa = PBXFileReference; fileEncoding = 4; lastKnownFileType = sourcecode.c.objc; path = LSYNoteVC.m; sourceTree = "<group>"; };
		E06103B81FA2C7B7009F648A /* LSYReader-Prefix.pch */ = {isa = PBXFileReference; fileEncoding = 4; lastKnownFileType = sourcecode.c.h; path = "LSYReader-Prefix.pch"; sourceTree = "<group>"; };
		E0D9903A1F7203A3003437D8 /* Hello World.app */ = {isa = PBXFileReference; explicitFileType = wrapper.application; includeInIndex = 0; path = "Hello World.app"; sourceTree = BUILT_PRODUCTS_DIR; };
		E0D9903D1F7203A3003437D8 /* AppDelegate.h */ = {isa = PBXFileReference; lastKnownFileType = sourcecode.c.h; path = AppDelegate.h; sourceTree = "<group>"; };
		E0D9903E1F7203A3003437D8 /* AppDelegate.m */ = {isa = PBXFileReference; lastKnownFileType = sourcecode.c.objc; path = AppDelegate.m; sourceTree = "<group>"; };
		E0D990401F7203A3003437D8 /* ViewController.h */ = {isa = PBXFileReference; lastKnownFileType = sourcecode.c.h; path = ViewController.h; sourceTree = "<group>"; };
		E0D990411F7203A3003437D8 /* ViewController.m */ = {isa = PBXFileReference; lastKnownFileType = sourcecode.c.objc; path = ViewController.m; sourceTree = "<group>"; };
		E0D990441F7203A3003437D8 /* Base */ = {isa = PBXFileReference; lastKnownFileType = file.storyboard; name = Base; path = Base.lproj/Main.storyboard; sourceTree = "<group>"; };
		E0D990461F7203A3003437D8 /* Assets.xcassets */ = {isa = PBXFileReference; lastKnownFileType = folder.assetcatalog; path = Assets.xcassets; sourceTree = "<group>"; };
		E0D990491F7203A3003437D8 /* Base */ = {isa = PBXFileReference; lastKnownFileType = file.storyboard; name = Base; path = Base.lproj/LaunchScreen.storyboard; sourceTree = "<group>"; };
		E0D9904B1F7203A3003437D8 /* Info.plist */ = {isa = PBXFileReference; lastKnownFileType = text.plist.xml; path = Info.plist; sourceTree = "<group>"; };
		E0D9904C1F7203A3003437D8 /* main.m */ = {isa = PBXFileReference; lastKnownFileType = sourcecode.c.objc; path = main.m; sourceTree = "<group>"; };
		E0D990521F7203A3003437D8 /* Hello WorldTests.xctest */ = {isa = PBXFileReference; explicitFileType = wrapper.cfbundle; includeInIndex = 0; path = "Hello WorldTests.xctest"; sourceTree = BUILT_PRODUCTS_DIR; };
		E0D990561F7203A3003437D8 /* Hello_WorldTests.m */ = {isa = PBXFileReference; lastKnownFileType = sourcecode.c.objc; path = Hello_WorldTests.m; sourceTree = "<group>"; };
		E0D990581F7203A3003437D8 /* Info.plist */ = {isa = PBXFileReference; lastKnownFileType = text.plist.xml; path = Info.plist; sourceTree = "<group>"; };
		E0D9905D1F7203A3003437D8 /* Hello WorldUITests.xctest */ = {isa = PBXFileReference; explicitFileType = wrapper.cfbundle; includeInIndex = 0; path = "Hello WorldUITests.xctest"; sourceTree = BUILT_PRODUCTS_DIR; };
		E0D990611F7203A3003437D8 /* Hello_WorldUITests.m */ = {isa = PBXFileReference; lastKnownFileType = sourcecode.c.objc; path = Hello_WorldUITests.m; sourceTree = "<group>"; };
		E0D990631F7203A3003437D8 /* Info.plist */ = {isa = PBXFileReference; lastKnownFileType = text.plist.xml; path = Info.plist; sourceTree = "<group>"; };
/* End PBXFileReference section */

/* Begin PBXFrameworksBuildPhase section */
		E0D990371F7203A3003437D8 /* Frameworks */ = {
			isa = PBXFrameworksBuildPhase;
			buildActionMask = 2147483647;
			files = (
				E006ABDC1F9B33D3004E1430 /* libxml2.tbd in Frameworks */,
			);
			runOnlyForDeploymentPostprocessing = 0;
		};
		E0D9904F1F7203A3003437D8 /* Frameworks */ = {
			isa = PBXFrameworksBuildPhase;
			buildActionMask = 2147483647;
			files = (
			);
			runOnlyForDeploymentPostprocessing = 0;
		};
		E0D9905A1F7203A3003437D8 /* Frameworks */ = {
			isa = PBXFrameworksBuildPhase;
			buildActionMask = 2147483647;
			files = (
			);
			runOnlyForDeploymentPostprocessing = 0;
		};
/* End PBXFrameworksBuildPhase section */

/* Begin PBXGroup section */
		4E6D965C1F74B7A80016A82D /* View */ = {
			isa = PBXGroup;
			children = (
				4E6D965D1F74B7E00016A82D /* MainView.h */,
				4E6D965E1F74B7E00016A82D /* MainView.m */,
				4E6D96611F7A9DA50016A82D /* DemoListCellTableViewCell.h */,
				4E6D96621F7A9DA50016A82D /* DemoListCellTableViewCell.m */,
				E006ABED1F9D8C7F004E1430 /* TextEdgeInsetsLabel.h */,
				E006ABEE1F9D8C7F004E1430 /* TextEdgeInsetsLabel.m */,
			);
			name = View;
			path = "New Group";
			sourceTree = "<group>";
		};
		4E6D96601F7A9B210016A82D /* DataDelegate */ = {
			isa = PBXGroup;
			children = (
				4E6D96651F7A9EEB0016A82D /* DemoListDataSource.h */,
				4E6D96661F7A9EEB0016A82D /* DemoListDataSource.m */,
			);
			path = DataDelegate;
			sourceTree = "<group>";
		};
		E006AB8A1F9B321D004E1430 /* Reader */ = {
			isa = PBXGroup;
			children = (
				E06103B81FA2C7B7009F648A /* LSYReader-Prefix.pch */,
				E06103AE1FA0670F009F648A /* CatalogVC */,
				E06103961FA0658F009F648A /* Core */,
				E06103831FA062DF009F648A /* Model */,
				E006ABF01F9F102E004E1430 /* BookSource */,
				E006ABDE1F9B4817004E1430 /* Controller */,
				E006ABDD1F9B47FA004E1430 /* View */,
				E006AB8B1F9B3298004E1430 /* Third */,
			);
			path = Reader;
			sourceTree = "<group>";
		};
		E006AB8B1F9B3298004E1430 /* Third */ = {
			isa = PBXGroup;
			children = (
				E006AB8C1F9B3298004E1430 /* GTMDefines.h */,
				E006AB8D1F9B3298004E1430 /* GTMNSString+HTML.h */,
				E006AB8E1F9B3298004E1430 /* GTMNSString+HTML.m */,
				E006AB8F1F9B3298004E1430 /* LSYViewPagerVC.h */,
				E006AB901F9B3298004E1430 /* LSYViewPagerVC.m */,
				E006AB911F9B3298004E1430 /* NSString+HTML.h */,
				E006AB921F9B3298004E1430 /* NSString+HTML.m */,
				E006AB931F9B3298004E1430 /* TouchXML */,
				E006ABB41F9B3298004E1430 /* UIImage+ImageEffects.h */,
				E006ABB51F9B3298004E1430 /* UIImage+ImageEffects.m */,
				E006ABB61F9B3298004E1430 /* ZipArchive */,
			);
			path = Third;
			sourceTree = "<group>";
		};
		E006AB931F9B3298004E1430 /* TouchXML */ = {
			isa = PBXGroup;
			children = (
				E006AB941F9B3298004E1430 /* Source */,
			);
			path = TouchXML;
			sourceTree = "<group>";
		};
		E006AB941F9B3298004E1430 /* Source */ = {
			isa = PBXGroup;
			children = (
				E006AB951F9B3298004E1430 /* Creation */,
				E006AB9A1F9B3298004E1430 /* CXHTMLDocument.h */,
				E006AB9B1F9B3298004E1430 /* CXHTMLDocument.m */,
				E006AB9C1F9B3298004E1430 /* CXMLDocument.h */,
				E006AB9D1F9B3298004E1430 /* CXMLDocument.m */,
				E006AB9E1F9B3298004E1430 /* CXMLDocument_PrivateExtensions.h */,
				E006AB9F1F9B3298004E1430 /* CXMLDocument_PrivateExtensions.m */,
				E006ABA01F9B3298004E1430 /* CXMLElement.h */,
				E006ABA11F9B3298004E1430 /* CXMLElement.m */,
				E006ABA21F9B3298004E1430 /* CXMLElement_CreationExtensions.h */,
				E006ABA31F9B3298004E1430 /* CXMLElement_CreationExtensions.m */,
				E006ABA41F9B3298004E1430 /* CXMLElement_ElementTreeExtensions.h */,
				E006ABA51F9B3298004E1430 /* CXMLElement_ElementTreeExtensions.m */,
				E006ABA61F9B3298004E1430 /* CXMLNamespaceNode.h */,
				E006ABA71F9B3298004E1430 /* CXMLNamespaceNode.m */,
				E006ABA81F9B3298004E1430 /* CXMLNode.h */,
				E006ABA91F9B3298004E1430 /* CXMLNode.m */,
				E006ABAA1F9B3298004E1430 /* CXMLNode_PrivateExtensions.h */,
				E006ABAB1F9B3298004E1430 /* CXMLNode_PrivateExtensions.m */,
				E006ABAC1F9B3298004E1430 /* CXMLNode_XPathExtensions.h */,
				E006ABAD1F9B3298004E1430 /* CXMLNode_XPathExtensions.m */,
				E006ABAE1F9B3298004E1430 /* CXMLUnsupportedNode.h */,
				E006ABAF1F9B3298004E1430 /* CXMLUnsupportedNode.m */,
				E006ABB01F9B3298004E1430 /* Tidy */,
				E006ABB31F9B3298004E1430 /* TouchXML.h */,
			);
			path = Source;
			sourceTree = "<group>";
		};
		E006AB951F9B3298004E1430 /* Creation */ = {
			isa = PBXGroup;
			children = (
				E006AB961F9B3298004E1430 /* CXMLDocument_CreationExtensions.h */,
				E006AB971F9B3298004E1430 /* CXMLDocument_CreationExtensions.m */,
				E006AB981F9B3298004E1430 /* CXMLNode_CreationExtensions.h */,
				E006AB991F9B3298004E1430 /* CXMLNode_CreationExtensions.m */,
			);
			path = Creation;
			sourceTree = "<group>";
		};
		E006ABB01F9B3298004E1430 /* Tidy */ = {
			isa = PBXGroup;
			children = (
				E006ABB11F9B3298004E1430 /* CTidy.h */,
				E006ABB21F9B3298004E1430 /* CTidy.m */,
			);
			path = Tidy;
			sourceTree = "<group>";
		};
		E006ABB61F9B3298004E1430 /* ZipArchive */ = {
			isa = PBXGroup;
			children = (
				E006ABB71F9B3298004E1430 /* minizip */,
				E006ABC11F9B3298004E1430 /* ZipArchive.h */,
				E006ABC21F9B3298004E1430 /* ZipArchive.mm */,
			);
			path = ZipArchive;
			sourceTree = "<group>";
		};
		E006ABB71F9B3298004E1430 /* minizip */ = {
			isa = PBXGroup;
			children = (
				E006ABB81F9B3298004E1430 /* crypt.h */,
				E006ABB91F9B3298004E1430 /* ioapi.c */,
				E006ABBA1F9B3298004E1430 /* ioapi.h */,
				E006ABBB1F9B3298004E1430 /* mztools.c */,
				E006ABBC1F9B3298004E1430 /* mztools.h */,
				E006ABBD1F9B3298004E1430 /* unzip.c */,
				E006ABBE1F9B3298004E1430 /* unzip.h */,
				E006ABBF1F9B3298004E1430 /* zip.c */,
				E006ABC01F9B3298004E1430 /* zip.h */,
			);
			path = minizip;
			sourceTree = "<group>";
		};
		E006ABDA1F9B33D3004E1430 /* Frameworks */ = {
			isa = PBXGroup;
			children = (
				E006ABDB1F9B33D3004E1430 /* libxml2.tbd */,
			);
			name = Frameworks;
			sourceTree = "<group>";
		};
		E006ABDD1F9B47FA004E1430 /* View */ = {
			isa = PBXGroup;
			children = (
				E06103A01FA065A5009F648A /* bt_tjcp_no@2x.png */,
				E06103A71FA065A6009F648A /* LSYBottomMenuView.h */,
				E06103A81FA065A6009F648A /* LSYBottomMenuView.m */,
				E06103A41FA065A5009F648A /* LSYMagnifierView.h */,
				E06103A31FA065A5009F648A /* LSYMagnifierView.m */,
				E06103A11FA065A5009F648A /* LSYMenuView.h */,
				E06103A21FA065A5009F648A /* LSYMenuView.m */,
				E06103A51FA065A5009F648A /* LSYTopMenuView.h */,
				E06103A61FA065A5009F648A /* LSYTopMenuView.m */,
				E006ABE31F9B49E0004E1430 /* BookListTableViewCell.h */,
				E006ABE41F9B49E0004E1430 /* BookListTableViewCell.m */,
			);
			path = View;
			sourceTree = "<group>";
		};
		E006ABDE1F9B4817004E1430 /* Controller */ = {
			isa = PBXGroup;
			children = (
				E006ABE01F9B49A2004E1430 /* BookListViewController.h */,
				E006ABE11F9B49A2004E1430 /* BookListViewController.m */,
			);
			path = Controller;
			sourceTree = "<group>";
		};
		E006ABF01F9F102E004E1430 /* BookSource */ = {
			isa = PBXGroup;
			children = (
				E006ABF11F9F10B1004E1430 /* 细说明朝.epub */,
			);
			path = BookSource;
			sourceTree = "<group>";
		};
		E06103831FA062DF009F648A /* Model */ = {
			isa = PBXGroup;
			children = (
				E061038F1FA063CB009F648A /* LSYChapterModel.h */,
				E06103881FA063CB009F648A /* LSYChapterModel.mm */,
				E061038C1FA063CB009F648A /* LSYMarkModel.h */,
				E06103901FA063CC009F648A /* LSYMarkModel.m */,
				E06103871FA063CB009F648A /* LSYNoteModel.h */,
				E061038A1FA063CB009F648A /* LSYNoteModel.m */,
				E061038D1FA063CB009F648A /* LSYReadModel.h */,
				E06103891FA063CB009F648A /* LSYReadModel.m */,
				E061038B1FA063CB009F648A /* LSYRecordModel.h */,
				E061038E1FA063CB009F648A /* LSYRecordModel.m */,
				E06103841FA06323009F648A /* BookModel.h */,
				E06103851FA06323009F648A /* BookModel.m */,
			);
			path = Model;
			sourceTree = "<group>";
		};
		E06103961FA0658F009F648A /* Core */ = {
			isa = PBXGroup;
			children = (
				E06103971FA0658F009F648A /* LSYReadConfig.h */,
				E06103981FA0658F009F648A /* LSYReadConfig.m */,
				E06103991FA0658F009F648A /* LSYReadParser.h */,
				E061039A1FA0658F009F648A /* LSYReadParser.m */,
				E061039B1FA0658F009F648A /* LSYReadUtilites.h */,
				E061039C1FA0658F009F648A /* LSYReadUtilites.m */,
			);
			path = Core;
			sourceTree = "<group>";
		};
		E06103AE1FA0670F009F648A /* CatalogVC */ = {
			isa = PBXGroup;
			children = (
				E06103AF1FA0670F009F648A /* LSYChapterVC.h */,
				E06103B01FA0670F009F648A /* LSYChapterVC.m */,
				E06103B11FA0670F009F648A /* LSYMarkVC.h */,
				E06103B21FA0670F009F648A /* LSYMarkVC.m */,
				E06103B31FA0670F009F648A /* LSYNoteVC.h */,
				E06103B41FA0670F009F648A /* LSYNoteVC.m */,
			);
			path = CatalogVC;
			sourceTree = "<group>";
		};
		E0D990311F7203A3003437D8 = {
			isa = PBXGroup;
			children = (
				E0D9903C1F7203A3003437D8 /* Hello World */,
				E0D990551F7203A3003437D8 /* Hello WorldTests */,
				E0D990601F7203A3003437D8 /* Hello WorldUITests */,
				E0D9903B1F7203A3003437D8 /* Products */,
				E006ABDA1F9B33D3004E1430 /* Frameworks */,
			);
			sourceTree = "<group>";
		};
		E0D9903B1F7203A3003437D8 /* Products */ = {
			isa = PBXGroup;
			children = (
				E0D9903A1F7203A3003437D8 /* Hello World.app */,
				E0D990521F7203A3003437D8 /* Hello WorldTests.xctest */,
				E0D9905D1F7203A3003437D8 /* Hello WorldUITests.xctest */,
			);
			name = Products;
			sourceTree = "<group>";
		};
		E0D9903C1F7203A3003437D8 /* Hello World */ = {
			isa = PBXGroup;
			children = (
				E006AB8A1F9B321D004E1430 /* Reader */,
				4E6D96601F7A9B210016A82D /* DataDelegate */,
				4E6D965C1F74B7A80016A82D /* View */,
				E0D9903D1F7203A3003437D8 /* AppDelegate.h */,
				E0D9903E1F7203A3003437D8 /* AppDelegate.m */,
				E0D990401F7203A3003437D8 /* ViewController.h */,
				E0D990411F7203A3003437D8 /* ViewController.m */,
				E0D990431F7203A3003437D8 /* Main.storyboard */,
				E0D990461F7203A3003437D8 /* Assets.xcassets */,
				E0D990481F7203A3003437D8 /* LaunchScreen.storyboard */,
				E0D9904B1F7203A3003437D8 /* Info.plist */,
				E0D9904C1F7203A3003437D8 /* main.m */,
			);
			path = "Hello World";
			sourceTree = "<group>";
		};
		E0D990551F7203A3003437D8 /* Hello WorldTests */ = {
			isa = PBXGroup;
			children = (
				E0D990561F7203A3003437D8 /* Hello_WorldTests.m */,
				E0D990581F7203A3003437D8 /* Info.plist */,
			);
			path = "Hello WorldTests";
			sourceTree = "<group>";
		};
		E0D990601F7203A3003437D8 /* Hello WorldUITests */ = {
			isa = PBXGroup;
			children = (
				E0D990611F7203A3003437D8 /* Hello_WorldUITests.m */,
				E0D990631F7203A3003437D8 /* Info.plist */,
			);
			path = "Hello WorldUITests";
			sourceTree = "<group>";
		};
/* End PBXGroup section */

/* Begin PBXNativeTarget section */
		E0D990391F7203A3003437D8 /* Hello World */ = {
			isa = PBXNativeTarget;
			buildConfigurationList = E0D990661F7203A3003437D8 /* Build configuration list for PBXNativeTarget "Hello World" */;
			buildPhases = (
				E0D990361F7203A3003437D8 /* Sources */,
				E0D990371F7203A3003437D8 /* Frameworks */,
				E0D990381F7203A3003437D8 /* Resources */,
			);
			buildRules = (
			);
			dependencies = (
			);
			name = "Hello World";
			productName = "Hello World";
			productReference = E0D9903A1F7203A3003437D8 /* Hello World.app */;
			productType = "com.apple.product-type.application";
		};
		E0D990511F7203A3003437D8 /* Hello WorldTests */ = {
			isa = PBXNativeTarget;
			buildConfigurationList = E0D990691F7203A3003437D8 /* Build configuration list for PBXNativeTarget "Hello WorldTests" */;
			buildPhases = (
				E0D9904E1F7203A3003437D8 /* Sources */,
				E0D9904F1F7203A3003437D8 /* Frameworks */,
				E0D990501F7203A3003437D8 /* Resources */,
			);
			buildRules = (
			);
			dependencies = (
				E0D990541F7203A3003437D8 /* PBXTargetDependency */,
			);
			name = "Hello WorldTests";
			productName = "Hello WorldTests";
			productReference = E0D990521F7203A3003437D8 /* Hello WorldTests.xctest */;
			productType = "com.apple.product-type.bundle.unit-test";
		};
		E0D9905C1F7203A3003437D8 /* Hello WorldUITests */ = {
			isa = PBXNativeTarget;
			buildConfigurationList = E0D9906C1F7203A3003437D8 /* Build configuration list for PBXNativeTarget "Hello WorldUITests" */;
			buildPhases = (
				E0D990591F7203A3003437D8 /* Sources */,
				E0D9905A1F7203A3003437D8 /* Frameworks */,
				E0D9905B1F7203A3003437D8 /* Resources */,
			);
			buildRules = (
			);
			dependencies = (
				E0D9905F1F7203A3003437D8 /* PBXTargetDependency */,
			);
			name = "Hello WorldUITests";
			productName = "Hello WorldUITests";
			productReference = E0D9905D1F7203A3003437D8 /* Hello WorldUITests.xctest */;
			productType = "com.apple.product-type.bundle.ui-testing";
		};
/* End PBXNativeTarget section */

/* Begin PBXProject section */
		E0D990321F7203A3003437D8 /* Project object */ = {
			isa = PBXProject;
			attributes = {
				LastUpgradeCheck = 0900;
				ORGANIZATIONNAME = nicolas;
				TargetAttributes = {
					E0D990391F7203A3003437D8 = {
						CreatedOnToolsVersion = 9.0;
						ProvisioningStyle = Automatic;
					};
					E0D990511F7203A3003437D8 = {
						CreatedOnToolsVersion = 9.0;
						ProvisioningStyle = Automatic;
						TestTargetID = E0D990391F7203A3003437D8;
					};
					E0D9905C1F7203A3003437D8 = {
						CreatedOnToolsVersion = 9.0;
						ProvisioningStyle = Automatic;
						TestTargetID = E0D990391F7203A3003437D8;
					};
				};
			};
			buildConfigurationList = E0D990351F7203A3003437D8 /* Build configuration list for PBXProject "Hello World" */;
			compatibilityVersion = "Xcode 8.0";
			developmentRegion = en;
			hasScannedForEncodings = 0;
			knownRegions = (
				en,
				Base,
			);
			mainGroup = E0D990311F7203A3003437D8;
			productRefGroup = E0D9903B1F7203A3003437D8 /* Products */;
			projectDirPath = "";
			projectRoot = "";
			targets = (
				E0D990391F7203A3003437D8 /* Hello World */,
				E0D990511F7203A3003437D8 /* Hello WorldTests */,
				E0D9905C1F7203A3003437D8 /* Hello WorldUITests */,
			);
		};
/* End PBXProject section */

/* Begin PBXResourcesBuildPhase section */
		E0D990381F7203A3003437D8 /* Resources */ = {
			isa = PBXResourcesBuildPhase;
			buildActionMask = 2147483647;
			files = (
				E006ABF21F9F10B1004E1430 /* 细说明朝.epub in Resources */,
				E06103A91FA065A6009F648A /* bt_tjcp_no@2x.png in Resources */,
				E0D9904A1F7203A3003437D8 /* LaunchScreen.storyboard in Resources */,
				E0D990471F7203A3003437D8 /* Assets.xcassets in Resources */,
				E0D990451F7203A3003437D8 /* Main.storyboard in Resources */,
			);
			runOnlyForDeploymentPostprocessing = 0;
		};
		E0D990501F7203A3003437D8 /* Resources */ = {
			isa = PBXResourcesBuildPhase;
			buildActionMask = 2147483647;
			files = (
			);
			runOnlyForDeploymentPostprocessing = 0;
		};
		E0D9905B1F7203A3003437D8 /* Resources */ = {
			isa = PBXResourcesBuildPhase;
			buildActionMask = 2147483647;
			files = (
			);
			runOnlyForDeploymentPostprocessing = 0;
		};
/* End PBXResourcesBuildPhase section */

/* Begin PBXSourcesBuildPhase section */
		E0D990361F7203A3003437D8 /* Sources */ = {
			isa = PBXSourcesBuildPhase;
			buildActionMask = 2147483647;
			files = (
				E06103AA1FA065A6009F648A /* LSYMenuView.m in Sources */,
				E006ABC91F9B3298004E1430 /* CXMLDocument.m in Sources */,
				E006ABD31F9B3298004E1430 /* CTidy.m in Sources */,
				4E6D96631F7A9DA50016A82D /* DemoListCellTableViewCell.m in Sources */,
				E006ABC61F9B3298004E1430 /* CXMLDocument_CreationExtensions.m in Sources */,
				E06103931FA063CC009F648A /* LSYNoteModel.m in Sources */,
				E06103911FA063CC009F648A /* LSYChapterModel.mm in Sources */,
				E0D990421F7203A3003437D8 /* ViewController.m in Sources */,
				E06103951FA063CC009F648A /* LSYMarkModel.m in Sources */,
				E006ABCA1F9B3298004E1430 /* CXMLDocument_PrivateExtensions.m in Sources */,
				E006ABCE1F9B3298004E1430 /* CXMLNamespaceNode.m in Sources */,
				E006ABCD1F9B3298004E1430 /* CXMLElement_ElementTreeExtensions.m in Sources */,
				E061039E1FA0658F009F648A /* LSYReadParser.m in Sources */,
				E006ABD41F9B3298004E1430 /* UIImage+ImageEffects.m in Sources */,
				E006ABEF1F9D8C7F004E1430 /* TextEdgeInsetsLabel.m in Sources */,
				4E6D965F1F74B7E00016A82D /* MainView.m in Sources */,
				E006ABCB1F9B3298004E1430 /* CXMLElement.m in Sources */,
				E061039F1FA0658F009F648A /* LSYReadUtilites.m in Sources */,
				E0D9904D1F7203A3003437D8 /* main.m in Sources */,
				E006ABD61F9B3298004E1430 /* mztools.c in Sources */,
				E006ABCF1F9B3298004E1430 /* CXMLNode.m in Sources */,
				E06103941FA063CC009F648A /* LSYRecordModel.m in Sources */,
				E006ABC51F9B3298004E1430 /* NSString+HTML.m in Sources */,
				E0D9903F1F7203A3003437D8 /* AppDelegate.m in Sources */,
				E006ABCC1F9B3298004E1430 /* CXMLElement_CreationExtensions.m in Sources */,
				E006ABD11F9B3298004E1430 /* CXMLNode_XPathExtensions.m in Sources */,
				E06103AD1FA065A6009F648A /* LSYBottomMenuView.m in Sources */,
				E06103B61FA0670F009F648A /* LSYMarkVC.m in Sources */,
				E06103AC1FA065A6009F648A /* LSYTopMenuView.m in Sources */,
				E006ABD71F9B3298004E1430 /* unzip.c in Sources */,
				E006ABD21F9B3298004E1430 /* CXMLUnsupportedNode.m in Sources */,
				E006ABC71F9B3298004E1430 /* CXMLNode_CreationExtensions.m in Sources */,
				E006ABD01F9B3298004E1430 /* CXMLNode_PrivateExtensions.m in Sources */,
				E06103861FA06323009F648A /* BookModel.m in Sources */,
				E006ABD91F9B3298004E1430 /* ZipArchive.mm in Sources */,
				E06103921FA063CC009F648A /* LSYReadModel.m in Sources */,
				E006ABE21F9B49A2004E1430 /* BookListViewController.m in Sources */,
				4E6D96671F7A9EEB0016A82D /* DemoListDataSource.m in Sources */,
				E061039D1FA0658F009F648A /* LSYReadConfig.m in Sources */,
				E006ABC41F9B3298004E1430 /* LSYViewPagerVC.m in Sources */,
				E006ABE51F9B49E0004E1430 /* BookListTableViewCell.m in Sources */,
				E006ABC81F9B3298004E1430 /* CXHTMLDocument.m in Sources */,
				E006ABD81F9B3298004E1430 /* zip.c in Sources */,
				E006ABC31F9B3298004E1430 /* GTMNSString+HTML.m in Sources */,
				E06103AB1FA065A6009F648A /* LSYMagnifierView.m in Sources */,
				E06103B71FA0670F009F648A /* LSYNoteVC.m in Sources */,
				E006ABD51F9B3298004E1430 /* ioapi.c in Sources */,
				E06103B51FA0670F009F648A /* LSYChapterVC.m in Sources */,
			);
			runOnlyForDeploymentPostprocessing = 0;
		};
		E0D9904E1F7203A3003437D8 /* Sources */ = {
			isa = PBXSourcesBuildPhase;
			buildActionMask = 2147483647;
			files = (
				E0D990571F7203A3003437D8 /* Hello_WorldTests.m in Sources */,
			);
			runOnlyForDeploymentPostprocessing = 0;
		};
		E0D990591F7203A3003437D8 /* Sources */ = {
			isa = PBXSourcesBuildPhase;
			buildActionMask = 2147483647;
			files = (
				E0D990621F7203A3003437D8 /* Hello_WorldUITests.m in Sources */,
			);
			runOnlyForDeploymentPostprocessing = 0;
		};
/* End PBXSourcesBuildPhase section */

/* Begin PBXTargetDependency section */
		E0D990541F7203A3003437D8 /* PBXTargetDependency */ = {
			isa = PBXTargetDependency;
			target = E0D990391F7203A3003437D8 /* Hello World */;
			targetProxy = E0D990531F7203A3003437D8 /* PBXContainerItemProxy */;
		};
		E0D9905F1F7203A3003437D8 /* PBXTargetDependency */ = {
			isa = PBXTargetDependency;
			target = E0D990391F7203A3003437D8 /* Hello World */;
			targetProxy = E0D9905E1F7203A3003437D8 /* PBXContainerItemProxy */;
		};
/* End PBXTargetDependency section */

/* Begin PBXVariantGroup section */
		E0D990431F7203A3003437D8 /* Main.storyboard */ = {
			isa = PBXVariantGroup;
			children = (
				E0D990441F7203A3003437D8 /* Base */,
			);
			name = Main.storyboard;
			sourceTree = "<group>";
		};
		E0D990481F7203A3003437D8 /* LaunchScreen.storyboard */ = {
			isa = PBXVariantGroup;
			children = (
				E0D990491F7203A3003437D8 /* Base */,
			);
			name = LaunchScreen.storyboard;
			sourceTree = "<group>";
		};
/* End PBXVariantGroup section */

/* Begin XCBuildConfiguration section */
		E0D990641F7203A3003437D8 /* Debug */ = {
			isa = XCBuildConfiguration;
			buildSettings = {
				ALWAYS_SEARCH_USER_PATHS = NO;
				CLANG_ANALYZER_NONNULL = YES;
				CLANG_ANALYZER_NUMBER_OBJECT_CONVERSION = YES_AGGRESSIVE;
				CLANG_CXX_LANGUAGE_STANDARD = "gnu++0x";
				CLANG_CXX_LIBRARY = "libc++";
				CLANG_ENABLE_MODULES = YES;
				CLANG_ENABLE_OBJC_ARC = NO;
				CLANG_ENABLE_OBJC_WEAK = YES;
				CLANG_WARN_BLOCK_CAPTURE_AUTORELEASING = YES;
				CLANG_WARN_BOOL_CONVERSION = YES;
				CLANG_WARN_COMMA = YES;
				CLANG_WARN_CONSTANT_CONVERSION = YES;
				CLANG_WARN_DIRECT_OBJC_ISA_USAGE = YES_ERROR;
				CLANG_WARN_DOCUMENTATION_COMMENTS = YES;
				CLANG_WARN_EMPTY_BODY = YES;
				CLANG_WARN_ENUM_CONVERSION = YES;
				CLANG_WARN_INFINITE_RECURSION = YES;
				CLANG_WARN_INT_CONVERSION = YES;
				CLANG_WARN_NON_LITERAL_NULL_CONVERSION = YES;
				CLANG_WARN_OBJC_LITERAL_CONVERSION = YES;
				CLANG_WARN_OBJC_ROOT_CLASS = YES_ERROR;
				CLANG_WARN_RANGE_LOOP_ANALYSIS = NO;
				CLANG_WARN_STRICT_PROTOTYPES = YES;
				CLANG_WARN_SUSPICIOUS_MOVE = NO;
				CLANG_WARN_UNGUARDED_AVAILABILITY = YES_AGGRESSIVE;
				CLANG_WARN_UNREACHABLE_CODE = YES;
				CLANG_WARN__DUPLICATE_METHOD_MATCH = YES;
				CODE_SIGN_IDENTITY = "iPhone Developer";
				COPY_PHASE_STRIP = NO;
				DEBUG_INFORMATION_FORMAT = dwarf;
				ENABLE_STRICT_OBJC_MSGSEND = YES;
				ENABLE_TESTABILITY = YES;
				GCC_C_LANGUAGE_STANDARD = gnu99;
				GCC_DYNAMIC_NO_PIC = NO;
				GCC_INPUT_FILETYPE = sourcecode.cpp.objcpp;
				GCC_NO_COMMON_BLOCKS = YES;
				GCC_OPTIMIZATION_LEVEL = 0;
				GCC_PREPROCESSOR_DEFINITIONS = (
					"DEBUG=1",
					"$(inherited)",
				);
				GCC_WARN_64_TO_32_BIT_CONVERSION = YES;
				GCC_WARN_ABOUT_RETURN_TYPE = YES_ERROR;
				GCC_WARN_UNDECLARED_SELECTOR = YES;
				GCC_WARN_UNINITIALIZED_AUTOS = YES_AGGRESSIVE;
				GCC_WARN_UNUSED_FUNCTION = YES;
				GCC_WARN_UNUSED_VARIABLE = YES;
				HEADER_SEARCH_PATHS = "";
				IPHONEOS_DEPLOYMENT_TARGET = 11.0;
				MTL_ENABLE_DEBUG_INFO = YES;
				ONLY_ACTIVE_ARCH = YES;
				SDKROOT = iphoneos;
			};
			name = Debug;
		};
		E0D990651F7203A3003437D8 /* Release */ = {
			isa = XCBuildConfiguration;
			buildSettings = {
				ALWAYS_SEARCH_USER_PATHS = NO;
				CLANG_ANALYZER_NONNULL = YES;
				CLANG_ANALYZER_NUMBER_OBJECT_CONVERSION = YES_AGGRESSIVE;
				CLANG_CXX_LANGUAGE_STANDARD = "gnu++0x";
				CLANG_CXX_LIBRARY = "libc++";
				CLANG_ENABLE_MODULES = YES;
				CLANG_ENABLE_OBJC_ARC = NO;
				CLANG_ENABLE_OBJC_WEAK = YES;
				CLANG_WARN_BLOCK_CAPTURE_AUTORELEASING = YES;
				CLANG_WARN_BOOL_CONVERSION = YES;
				CLANG_WARN_COMMA = YES;
				CLANG_WARN_CONSTANT_CONVERSION = YES;
				CLANG_WARN_DIRECT_OBJC_ISA_USAGE = YES_ERROR;
				CLANG_WARN_DOCUMENTATION_COMMENTS = YES;
				CLANG_WARN_EMPTY_BODY = YES;
				CLANG_WARN_ENUM_CONVERSION = YES;
				CLANG_WARN_INFINITE_RECURSION = YES;
				CLANG_WARN_INT_CONVERSION = YES;
				CLANG_WARN_NON_LITERAL_NULL_CONVERSION = YES;
				CLANG_WARN_OBJC_LITERAL_CONVERSION = YES;
				CLANG_WARN_OBJC_ROOT_CLASS = YES_ERROR;
				CLANG_WARN_RANGE_LOOP_ANALYSIS = NO;
				CLANG_WARN_STRICT_PROTOTYPES = YES;
				CLANG_WARN_SUSPICIOUS_MOVE = NO;
				CLANG_WARN_UNGUARDED_AVAILABILITY = YES_AGGRESSIVE;
				CLANG_WARN_UNREACHABLE_CODE = YES;
				CLANG_WARN__DUPLICATE_METHOD_MATCH = YES;
				CODE_SIGN_IDENTITY = "iPhone Developer";
				COPY_PHASE_STRIP = NO;
				DEBUG_INFORMATION_FORMAT = "dwarf-with-dsym";
				ENABLE_NS_ASSERTIONS = NO;
				ENABLE_STRICT_OBJC_MSGSEND = YES;
				GCC_C_LANGUAGE_STANDARD = gnu99;
				GCC_INPUT_FILETYPE = sourcecode.cpp.objcpp;
				GCC_NO_COMMON_BLOCKS = YES;
				GCC_WARN_64_TO_32_BIT_CONVERSION = YES;
				GCC_WARN_ABOUT_RETURN_TYPE = YES_ERROR;
				GCC_WARN_UNDECLARED_SELECTOR = YES;
				GCC_WARN_UNINITIALIZED_AUTOS = YES_AGGRESSIVE;
				GCC_WARN_UNUSED_FUNCTION = YES;
				GCC_WARN_UNUSED_VARIABLE = YES;
				HEADER_SEARCH_PATHS = "";
				IPHONEOS_DEPLOYMENT_TARGET = 11.0;
				MTL_ENABLE_DEBUG_INFO = NO;
				SDKROOT = iphoneos;
				VALIDATE_PRODUCT = YES;
			};
			name = Release;
		};
		E0D990671F7203A3003437D8 /* Debug */ = {
			isa = XCBuildConfiguration;
			buildSettings = {
				ASSETCATALOG_COMPILER_APPICON_NAME = AppIcon;
				CLANG_ENABLE_OBJC_WEAK = YES;
				CODE_SIGN_STYLE = Automatic;
				DEVELOPMENT_TEAM = KKG84L7UE7;
				GCC_INPUT_FILETYPE = sourcecode.cpp.objcpp;
				GCC_PREFIX_HEADER = "$(SRCROOT)/Hello World/Reader/LSYReader-Prefix.pch";
				HEADER_SEARCH_PATHS = /usr/include/libxml2;
				INFOPLIST_FILE = "Hello World/Info.plist";
				LD_RUNPATH_SEARCH_PATHS = "$(inherited) @executable_path/Frameworks";
				OTHER_LDFLAGS = "-lxml2";
				PRODUCT_BUNDLE_IDENTIFIER = "com.nicolas.ios.Hello-World";
				PRODUCT_NAME = "$(TARGET_NAME)";
				TARGETED_DEVICE_FAMILY = "1,2";
			};
			name = Debug;
		};
		E0D990681F7203A3003437D8 /* Release */ = {
			isa = XCBuildConfiguration;
			buildSettings = {
				ASSETCATALOG_COMPILER_APPICON_NAME = AppIcon;
				CLANG_ENABLE_OBJC_WEAK = YES;
				CODE_SIGN_STYLE = Automatic;
				DEVELOPMENT_TEAM = KKG84L7UE7;
				GCC_INPUT_FILETYPE = sourcecode.cpp.objcpp;
				GCC_PREFIX_HEADER = "$(SRCROOT)/Hello World/Reader/LSYReader-Prefix.pch";
				HEADER_SEARCH_PATHS = /usr/include/libxml2;
				INFOPLIST_FILE = "Hello World/Info.plist";
				LD_RUNPATH_SEARCH_PATHS = "$(inherited) @executable_path/Frameworks";
				OTHER_LDFLAGS = "-lxml2";
				PRODUCT_BUNDLE_IDENTIFIER = "com.nicolas.ios.Hello-World";
				PRODUCT_NAME = "$(TARGET_NAME)";
				TARGETED_DEVICE_FAMILY = "1,2";
			};
			name = Release;
		};
		E0D9906A1F7203A3003437D8 /* Debug */ = {
			isa = XCBuildConfiguration;
			buildSettings = {
				BUNDLE_LOADER = "$(TEST_HOST)";
				CODE_SIGN_STYLE = Automatic;
				DEVELOPMENT_TEAM = KKG84L7UE7;
				INFOPLIST_FILE = "Hello WorldTests/Info.plist";
				LD_RUNPATH_SEARCH_PATHS = "$(inherited) @executable_path/Frameworks @loader_path/Frameworks";
				PRODUCT_BUNDLE_IDENTIFIER = "com.nicolas.ios.Hello-WorldTests";
				PRODUCT_NAME = "$(TARGET_NAME)";
				TARGETED_DEVICE_FAMILY = "1,2";
				TEST_HOST = "$(BUILT_PRODUCTS_DIR)/Hello World.app/Hello World";
			};
			name = Debug;
		};
		E0D9906B1F7203A3003437D8 /* Release */ = {
			isa = XCBuildConfiguration;
			buildSettings = {
				BUNDLE_LOADER = "$(TEST_HOST)";
				CODE_SIGN_STYLE = Automatic;
				DEVELOPMENT_TEAM = KKG84L7UE7;
				INFOPLIST_FILE = "Hello WorldTests/Info.plist";
				LD_RUNPATH_SEARCH_PATHS = "$(inherited) @executable_path/Frameworks @loader_path/Frameworks";
				PRODUCT_BUNDLE_IDENTIFIER = "com.nicolas.ios.Hello-WorldTests";
				PRODUCT_NAME = "$(TARGET_NAME)";
				TARGETED_DEVICE_FAMILY = "1,2";
				TEST_HOST = "$(BUILT_PRODUCTS_DIR)/Hello World.app/Hello World";
			};
			name = Release;
		};
		E0D9906D1F7203A3003437D8 /* Debug */ = {
			isa = XCBuildConfiguration;
			buildSettings = {
				CODE_SIGN_STYLE = Automatic;
				DEVELOPMENT_TEAM = KKG84L7UE7;
				INFOPLIST_FILE = "Hello WorldUITests/Info.plist";
				LD_RUNPATH_SEARCH_PATHS = "$(inherited) @executable_path/Frameworks @loader_path/Frameworks";
				PRODUCT_BUNDLE_IDENTIFIER = "com.nicolas.ios.Hello-WorldUITests";
				PRODUCT_NAME = "$(TARGET_NAME)";
				TARGETED_DEVICE_FAMILY = "1,2";
				TEST_TARGET_NAME = "Hello World";
			};
			name = Debug;
		};
		E0D9906E1F7203A3003437D8 /* Release */ = {
			isa = XCBuildConfiguration;
			buildSettings = {
				CODE_SIGN_STYLE = Automatic;
				DEVELOPMENT_TEAM = KKG84L7UE7;
				INFOPLIST_FILE = "Hello WorldUITests/Info.plist";
				LD_RUNPATH_SEARCH_PATHS = "$(inherited) @executable_path/Frameworks @loader_path/Frameworks";
				PRODUCT_BUNDLE_IDENTIFIER = "com.nicolas.ios.Hello-WorldUITests";
				PRODUCT_NAME = "$(TARGET_NAME)";
				TARGETED_DEVICE_FAMILY = "1,2";
				TEST_TARGET_NAME = "Hello World";
			};
			name = Release;
		};
/* End XCBuildConfiguration section */

/* Begin XCConfigurationList section */
		E0D990351F7203A3003437D8 /* Build configuration list for PBXProject "Hello World" */ = {
			isa = XCConfigurationList;
			buildConfigurations = (
				E0D990641F7203A3003437D8 /* Debug */,
				E0D990651F7203A3003437D8 /* Release */,
			);
			defaultConfigurationIsVisible = 0;
			defaultConfigurationName = Release;
		};
		E0D990661F7203A3003437D8 /* Build configuration list for PBXNativeTarget "Hello World" */ = {
			isa = XCConfigurationList;
			buildConfigurations = (
				E0D990671F7203A3003437D8 /* Debug */,
				E0D990681F7203A3003437D8 /* Release */,
			);
			defaultConfigurationIsVisible = 0;
			defaultConfigurationName = Release;
		};
		E0D990691F7203A3003437D8 /* Build configuration list for PBXNativeTarget "Hello WorldTests" */ = {
			isa = XCConfigurationList;
			buildConfigurations = (
				E0D9906A1F7203A3003437D8 /* Debug */,
				E0D9906B1F7203A3003437D8 /* Release */,
			);
			defaultConfigurationIsVisible = 0;
			defaultConfigurationName = Release;
		};
		E0D9906C1F7203A3003437D8 /* Build configuration list for PBXNativeTarget "Hello WorldUITests" */ = {
			isa = XCConfigurationList;
			buildConfigurations = (
				E0D9906D1F7203A3003437D8 /* Debug */,
				E0D9906E1F7203A3003437D8 /* Release */,
			);
			defaultConfigurationIsVisible = 0;
			defaultConfigurationName = Release;
		};
/* End XCConfigurationList section */
	};
	rootObject = E0D990321F7203A3003437D8 /* Project object */;
}
